
Microsoft Visual Studio Solution File, Format Version 12.00
# Visual Studio 15
VisualStudioVersion = 15.0.27130.2020
MinimumVisualStudioVersion = 10.0.40219.1
Project("{FAE04EC0-301F-11D3-BF4B-00C04F79EFBC}") = "PersonalBlog.BLL", "PersonalBlog.BLL\PersonalBlog.BLL.csproj", "{1B025210-C557-4661-A832-BB3DE33A4F5F}"
EndProject
Project("{FAE04EC0-301F-11D3-BF4B-00C04F79EFBC}") = "PersonalBlog.Data", "PersonalBlog.Data\PersonalBlog.Data.csproj", "{C128EF5F-968C-4309-8908-C9B3BB0A9861}"
EndProject
Project("{FAE04EC0-301F-11D3-BF4B-00C04F79EFBC}") = "PersonalBlog.Models", "PersonalBlog.Models\PersonalBlog.Models.csproj", "{151EE38D-AE98-4E66-AD11-E7E0F3BD3EDD}"
EndProject
Project("{FAE04EC0-301F-11D3-BF4B-00C04F79EFBC}") = "PersonalBlog.UI", "PersonalBlog.UI\PersonalBlog.UI.csproj", "{0B44C428-A253-4AF0-8C21-1946976EA329}"
EndProject
Project("{FAE04EC0-301F-11D3-BF4B-00C04F79EFBC}") = "PersonalBlog.Tests", "PersonalBlog.Tests\PersonalBlog.Tests.csproj", "{7AC69E85-01F1-4567-A375-7DA32E8633BA}"
EndProject
Global
	GlobalSection(SolutionConfigurationPlatforms) = preSolution
		Debug|Any CPU = Debug|Any CPU
		Release|Any CPU = Release|Any CPU
	EndGlobalSection
	GlobalSection(ProjectConfigurationPlatforms) = postSolution
		{1B025210-C557-4661-A832-BB3DE33A4F5F}.Debug|Any CPU.ActiveCfg = Debug|Any CPU
		{1B025210-C557-4661-A832-BB3DE33A4F5F}.Debug|Any CPU.Build.0 = Debug|Any CPU
		{1B025210-C557-4661-A832-BB3DE33A4F5F}.Release|Any CPU.ActiveCfg = Release|Any CPU
		{1B025210-C557-4661-A832-BB3DE33A4F5F}.Release|Any CPU.Build.0 = Release|Any CPU
		{C128EF5F-968C-4309-8908-C9B3BB0A9861}.Debug|Any CPU.ActiveCfg = Debug|Any CPU
		{C128EF5F-968C-4309-8908-C9B3BB0A9861}.Debug|Any CPU.Build.0 = Debug|Any CPU
		{C128EF5F-968C-4309-8908-C9B3BB0A9861}.Release|Any CPU.ActiveCfg = Release|Any CPU
		{C128EF5F-968C-4309-8908-C9B3BB0A9861}.Release|Any CPU.Build.0 = Release|Any CPU
		{151EE38D-AE98-4E66-AD11-E7E0F3BD3EDD}.Debug|Any CPU.ActiveCfg = Debug|Any CPU
		{151EE38D-AE98-4E66-AD11-E7E0F3BD3EDD}.Debug|Any CPU.Build.0 = Debug|Any CPU
		{151EE38D-AE98-4E66-AD11-E7E0F3BD3EDD}.Release|Any CPU.ActiveCfg = Release|Any CPU
		{151EE38D-AE98-4E66-AD11-E7E0F3BD3EDD}.Release|Any CPU.Build.0 = Release|Any CPU
		{0B44C428-A253-4AF0-8C21-1946976EA329}.Debug|Any CPU.ActiveCfg = Debug|Any CPU
		{0B44C428-A253-4AF0-8C21-1946976EA329}.Debug|Any CPU.Build.0 = Debug|Any CPU
		{0B44C428-A253-4AF0-8C21-1946976EA329}.Release|Any CPU.ActiveCfg = Release|Any CPU
		{0B44C428-A253-4AF0-8C21-1946976EA329}.Release|Any CPU.Build.0 = Release|Any CPU
		{7AC69E85-01F1-4567-A375-7DA32E8633BA}.Debug|Any CPU.ActiveCfg = Debug|Any CPU
		{7AC69E85-01F1-4567-A375-7DA32E8633BA}.Debug|Any CPU.Build.0 = Debug|Any CPU
		{7AC69E85-01F1-4567-A375-7DA32E8633BA}.Release|Any CPU.ActiveCfg = Release|Any CPU
		{7AC69E85-01F1-4567-A375-7DA32E8633BA}.Release|Any CPU.Build.0 = Release|Any CPU
	EndGlobalSection
	GlobalSection(SolutionProperties) = preSolution
		HideSolutionNode = FALSE
	EndGlobalSection
	GlobalSection(ExtensibilityGlobals) = postSolution
		SolutionGuid = {D084B443-AB4A-4464-AFB8-DDD24DB73C92}
	EndGlobalSection
EndGlobal
